
Microsoft Visual Studio Solution File, Format Version 12.00
# Visual Studio Version 17
VisualStudioVersion = 17.0.31903.59
MinimumVisualStudioVersion = 10.0.40219.1
Project("{9A19103F-16F7-4668-BE54-9A1E7A4F7556}") = "Domain", "Domain\Domain.csproj", "{291479F6-0788-44B9-BEBC-A2627D5E2EC2}"
EndProject
Project("{9A19103F-16F7-4668-BE54-9A1E7A4F7556}") = "os-process-manager-infrastructure", "os-process-manager-infrastructure\os-process-manager-infrastructure.csproj", "{8F05508D-6BE2-41B5-B1FE-8B581BEA8D41}"
EndProject
Project("{9A19103F-16F7-4668-BE54-9A1E7A4F7556}") = "os-process-manager-service", "os-process-manager-service\os-process-manager-service.csproj", "{717A3573-1520-4602-9B68-FA0FF485F9E4}"
EndProject
Project("{2150E333-8FDC-42A3-9474-1A3956D46DE8}") = "Infrastructure", "Infrastructure", "{6A001E32-3110-4FFB-B17D-F01A137C120F}"
EndProject
Project("{9A19103F-16F7-4668-BE54-9A1E7A4F7556}") = "DeploymentManager", "DeploymentManager\DeploymentManager.csproj", "{4B661BEB-9E57-4E65-AD4C-54A724B73DAD}"
EndProject
Project("{9A19103F-16F7-4668-BE54-9A1E7A4F7556}") = "OperatingSystemLake", "OperatingSystemLake\OperatingSystemLake.csproj", "{5C45C8D5-7C88-4F4A-851E-0A7DB3B566BF}"
EndProject
Project("{9A19103F-16F7-4668-BE54-9A1E7A4F7556}") = "OSOrchestrator", "OSOrchestrator\OSOrchestrator.csproj", "{1B924B10-EFC0-4D7B-80AC-B52D68B4A134}"
EndProject
Project("{9A19103F-16F7-4668-BE54-9A1E7A4F7556}") = "OperatingSystemHelpers", "OperatingSystemHelpers\OperatingSystemHelpers.csproj", "{8D3C099D-718C-460F-813A-960ECD6C0BDB}"
EndProject
Project("{9A19103F-16F7-4668-BE54-9A1E7A4F7556}") = "ContainerManagerBackend", "ContainerManagerBackend\ContainerManagerBackend.csproj", "{81210CE6-9236-4503-9102-069013B41873}"
EndProject
Project("{FAE04EC0-301F-11D3-BF4B-00C04F79EFBC}") = "Engines", "Engines\Engines.csproj", "{68972E83-B487-4B3F-AF91-1C1F61A3F5F0}"
EndProject
Project("{FAE04EC0-301F-11D3-BF4B-00C04F79EFBC}") = "AsyncJobWorkers", "AsyncJobWorkers\AsyncJobWorkers.csproj", "{9E0BB073-F71A-4F88-8CB0-B01F947B4A3B}"
EndProject
Global
	GlobalSection(SolutionConfigurationPlatforms) = preSolution
		Debug|Any CPU = Debug|Any CPU
		Debug|x64 = Debug|x64
		Debug|x86 = Debug|x86
		Release|Any CPU = Release|Any CPU
		Release|x64 = Release|x64
		Release|x86 = Release|x86
	EndGlobalSection
	GlobalSection(ProjectConfigurationPlatforms) = postSolution
		{291479F6-0788-44B9-BEBC-A2627D5E2EC2}.Debug|Any CPU.ActiveCfg = Debug|Any CPU
		{291479F6-0788-44B9-BEBC-A2627D5E2EC2}.Debug|Any CPU.Build.0 = Debug|Any CPU
		{291479F6-0788-44B9-BEBC-A2627D5E2EC2}.Debug|x64.ActiveCfg = Debug|Any CPU
		{291479F6-0788-44B9-BEBC-A2627D5E2EC2}.Debug|x64.Build.0 = Debug|Any CPU
		{291479F6-0788-44B9-BEBC-A2627D5E2EC2}.Debug|x86.ActiveCfg = Debug|Any CPU
		{291479F6-0788-44B9-BEBC-A2627D5E2EC2}.Debug|x86.Build.0 = Debug|Any CPU
		{291479F6-0788-44B9-BEBC-A2627D5E2EC2}.Release|Any CPU.ActiveCfg = Release|Any CPU
		{291479F6-0788-44B9-BEBC-A2627D5E2EC2}.Release|Any CPU.Build.0 = Release|Any CPU
		{291479F6-0788-44B9-BEBC-A2627D5E2EC2}.Release|x64.ActiveCfg = Release|Any CPU
		{291479F6-0788-44B9-BEBC-A2627D5E2EC2}.Release|x64.Build.0 = Release|Any CPU
		{291479F6-0788-44B9-BEBC-A2627D5E2EC2}.Release|x86.ActiveCfg = Release|Any CPU
		{291479F6-0788-44B9-BEBC-A2627D5E2EC2}.Release|x86.Build.0 = Release|Any CPU
		{8F05508D-6BE2-41B5-B1FE-8B581BEA8D41}.Debug|Any CPU.ActiveCfg = Debug|Any CPU
		{8F05508D-6BE2-41B5-B1FE-8B581BEA8D41}.Debug|Any CPU.Build.0 = Debug|Any CPU
		{8F05508D-6BE2-41B5-B1FE-8B581BEA8D41}.Debug|x64.ActiveCfg = Debug|Any CPU
		{8F05508D-6BE2-41B5-B1FE-8B581BEA8D41}.Debug|x64.Build.0 = Debug|Any CPU
		{8F05508D-6BE2-41B5-B1FE-8B581BEA8D41}.Debug|x86.ActiveCfg = Debug|Any CPU
		{8F05508D-6BE2-41B5-B1FE-8B581BEA8D41}.Debug|x86.Build.0 = Debug|Any CPU
		{8F05508D-6BE2-41B5-B1FE-8B581BEA8D41}.Release|Any CPU.ActiveCfg = Release|Any CPU
		{8F05508D-6BE2-41B5-B1FE-8B581BEA8D41}.Release|Any CPU.Build.0 = Release|Any CPU
		{8F05508D-6BE2-41B5-B1FE-8B581BEA8D41}.Release|x64.ActiveCfg = Release|Any CPU
		{8F05508D-6BE2-41B5-B1FE-8B581BEA8D41}.Release|x64.Build.0 = Release|Any CPU
		{8F05508D-6BE2-41B5-B1FE-8B581BEA8D41}.Release|x86.ActiveCfg = Release|Any CPU
		{8F05508D-6BE2-41B5-B1FE-8B581BEA8D41}.Release|x86.Build.0 = Release|Any CPU
		{717A3573-1520-4602-9B68-FA0FF485F9E4}.Debug|Any CPU.ActiveCfg = Debug|Any CPU
		{717A3573-1520-4602-9B68-FA0FF485F9E4}.Debug|Any CPU.Build.0 = Debug|Any CPU
		{717A3573-1520-4602-9B68-FA0FF485F9E4}.Debug|x64.ActiveCfg = Debug|Any CPU
		{717A3573-1520-4602-9B68-FA0FF485F9E4}.Debug|x64.Build.0 = Debug|Any CPU
		{717A3573-1520-4602-9B68-FA0FF485F9E4}.Debug|x86.ActiveCfg = Debug|Any CPU
		{717A3573-1520-4602-9B68-FA0FF485F9E4}.Debug|x86.Build.0 = Debug|Any CPU
		{717A3573-1520-4602-9B68-FA0FF485F9E4}.Release|Any CPU.ActiveCfg = Release|Any CPU
		{717A3573-1520-4602-9B68-FA0FF485F9E4}.Release|Any CPU.Build.0 = Release|Any CPU
		{717A3573-1520-4602-9B68-FA0FF485F9E4}.Release|x64.ActiveCfg = Release|Any CPU
		{717A3573-1520-4602-9B68-FA0FF485F9E4}.Release|x64.Build.0 = Release|Any CPU
		{717A3573-1520-4602-9B68-FA0FF485F9E4}.Release|x86.ActiveCfg = Release|Any CPU
		{717A3573-1520-4602-9B68-FA0FF485F9E4}.Release|x86.Build.0 = Release|Any CPU
		{4B661BEB-9E57-4E65-AD4C-54A724B73DAD}.Debug|Any CPU.ActiveCfg = Debug|Any CPU
		{4B661BEB-9E57-4E65-AD4C-54A724B73DAD}.Debug|Any CPU.Build.0 = Debug|Any CPU
		{4B661BEB-9E57-4E65-AD4C-54A724B73DAD}.Debug|x64.ActiveCfg = Debug|Any CPU
		{4B661BEB-9E57-4E65-AD4C-54A724B73DAD}.Debug|x64.Build.0 = Debug|Any CPU
		{4B661BEB-9E57-4E65-AD4C-54A724B73DAD}.Debug|x86.ActiveCfg = Debug|Any CPU
		{4B661BEB-9E57-4E65-AD4C-54A724B73DAD}.Debug|x86.Build.0 = Debug|Any CPU
		{4B661BEB-9E57-4E65-AD4C-54A724B73DAD}.Release|Any CPU.ActiveCfg = Release|Any CPU
		{4B661BEB-9E57-4E65-AD4C-54A724B73DAD}.Release|Any CPU.Build.0 = Release|Any CPU
		{4B661BEB-9E57-4E65-AD4C-54A724B73DAD}.Release|x64.ActiveCfg = Release|Any CPU
		{4B661BEB-9E57-4E65-AD4C-54A724B73DAD}.Release|x64.Build.0 = Release|Any CPU
		{4B661BEB-9E57-4E65-AD4C-54A724B73DAD}.Release|x86.ActiveCfg = Release|Any CPU
		{4B661BEB-9E57-4E65-AD4C-54A724B73DAD}.Release|x86.Build.0 = Release|Any CPU
		{5C45C8D5-7C88-4F4A-851E-0A7DB3B566BF}.Debug|Any CPU.ActiveCfg = Debug|Any CPU
		{5C45C8D5-7C88-4F4A-851E-0A7DB3B566BF}.Debug|Any CPU.Build.0 = Debug|Any CPU
		{5C45C8D5-7C88-4F4A-851E-0A7DB3B566BF}.Debug|x64.ActiveCfg = Debug|Any CPU
		{5C45C8D5-7C88-4F4A-851E-0A7DB3B566BF}.Debug|x64.Build.0 = Debug|Any CPU
		{5C45C8D5-7C88-4F4A-851E-0A7DB3B566BF}.Debug|x86.ActiveCfg = Debug|Any CPU
		{5C45C8D5-7C88-4F4A-851E-0A7DB3B566BF}.Debug|x86.Build.0 = Debug|Any CPU
		{5C45C8D5-7C88-4F4A-851E-0A7DB3B566BF}.Release|Any CPU.ActiveCfg = Release|Any CPU
		{5C45C8D5-7C88-4F4A-851E-0A7DB3B566BF}.Release|Any CPU.Build.0 = Release|Any CPU
		{5C45C8D5-7C88-4F4A-851E-0A7DB3B566BF}.Release|x64.ActiveCfg = Release|Any CPU
		{5C45C8D5-7C88-4F4A-851E-0A7DB3B566BF}.Release|x64.Build.0 = Release|Any CPU
		{5C45C8D5-7C88-4F4A-851E-0A7DB3B566BF}.Release|x86.ActiveCfg = Release|Any CPU
		{5C45C8D5-7C88-4F4A-851E-0A7DB3B566BF}.Release|x86.Build.0 = Release|Any CPU
		{1B924B10-EFC0-4D7B-80AC-B52D68B4A134}.Debug|Any CPU.ActiveCfg = Debug|Any CPU
		{1B924B10-EFC0-4D7B-80AC-B52D68B4A134}.Debug|Any CPU.Build.0 = Debug|Any CPU
		{1B924B10-EFC0-4D7B-80AC-B52D68B4A134}.Debug|x64.ActiveCfg = Debug|Any CPU
		{1B924B10-EFC0-4D7B-80AC-B52D68B4A134}.Debug|x64.Build.0 = Debug|Any CPU
		{1B924B10-EFC0-4D7B-80AC-B52D68B4A134}.Debug|x86.ActiveCfg = Debug|Any CPU
		{1B924B10-EFC0-4D7B-80AC-B52D68B4A134}.Debug|x86.Build.0 = Debug|Any CPU
		{1B924B10-EFC0-4D7B-80AC-B52D68B4A134}.Release|Any CPU.ActiveCfg = Release|Any CPU
		{1B924B10-EFC0-4D7B-80AC-B52D68B4A134}.Release|Any CPU.Build.0 = Release|Any CPU
		{1B924B10-EFC0-4D7B-80AC-B52D68B4A134}.Release|x64.ActiveCfg = Release|Any CPU
		{1B924B10-EFC0-4D7B-80AC-B52D68B4A134}.Release|x64.Build.0 = Release|Any CPU
		{1B924B10-EFC0-4D7B-80AC-B52D68B4A134}.Release|x86.ActiveCfg = Release|Any CPU
		{1B924B10-EFC0-4D7B-80AC-B52D68B4A134}.Release|x86.Build.0 = Release|Any CPU
		{8D3C099D-718C-460F-813A-960ECD6C0BDB}.Debug|Any CPU.ActiveCfg = Debug|Any CPU
		{8D3C099D-718C-460F-813A-960ECD6C0BDB}.Debug|Any CPU.Build.0 = Debug|Any CPU
		{8D3C099D-718C-460F-813A-960ECD6C0BDB}.Debug|x64.ActiveCfg = Debug|Any CPU
		{8D3C099D-718C-460F-813A-960ECD6C0BDB}.Debug|x64.Build.0 = Debug|Any CPU
		{8D3C099D-718C-460F-813A-960ECD6C0BDB}.Debug|x86.ActiveCfg = Debug|Any CPU
		{8D3C099D-718C-460F-813A-960ECD6C0BDB}.Debug|x86.Build.0 = Debug|Any CPU
		{8D3C099D-718C-460F-813A-960ECD6C0BDB}.Release|Any CPU.ActiveCfg = Release|Any CPU
		{8D3C099D-718C-460F-813A-960ECD6C0BDB}.Release|Any CPU.Build.0 = Release|Any CPU
		{8D3C099D-718C-460F-813A-960ECD6C0BDB}.Release|x64.ActiveCfg = Release|Any CPU
		{8D3C099D-718C-460F-813A-960ECD6C0BDB}.Release|x64.Build.0 = Release|Any CPU
		{8D3C099D-718C-460F-813A-960ECD6C0BDB}.Release|x86.ActiveCfg = Release|Any CPU
		{8D3C099D-718C-460F-813A-960ECD6C0BDB}.Release|x86.Build.0 = Release|Any CPU
		{81210CE6-9236-4503-9102-069013B41873}.Debug|Any CPU.ActiveCfg = Debug|Any CPU
		{81210CE6-9236-4503-9102-069013B41873}.Debug|Any CPU.Build.0 = Debug|Any CPU
		{81210CE6-9236-4503-9102-069013B41873}.Debug|x64.ActiveCfg = Debug|Any CPU
		{81210CE6-9236-4503-9102-069013B41873}.Debug|x64.Build.0 = Debug|Any CPU
		{81210CE6-9236-4503-9102-069013B41873}.Debug|x86.ActiveCfg = Debug|Any CPU
		{81210CE6-9236-4503-9102-069013B41873}.Debug|x86.Build.0 = Debug|Any CPU
		{81210CE6-9236-4503-9102-069013B41873}.Release|Any CPU.ActiveCfg = Release|Any CPU
		{81210CE6-9236-4503-9102-069013B41873}.Release|Any CPU.Build.0 = Release|Any CPU
		{81210CE6-9236-4503-9102-069013B41873}.Release|x64.ActiveCfg = Release|Any CPU
		{81210CE6-9236-4503-9102-069013B41873}.Release|x64.Build.0 = Release|Any CPU
		{81210CE6-9236-4503-9102-069013B41873}.Release|x86.ActiveCfg = Release|Any CPU
		{81210CE6-9236-4503-9102-069013B41873}.Release|x86.Build.0 = Release|Any CPU
		{68972E83-B487-4B3F-AF91-1C1F61A3F5F0}.Debug|Any CPU.ActiveCfg = Debug|Any CPU
		{68972E83-B487-4B3F-AF91-1C1F61A3F5F0}.Debug|Any CPU.Build.0 = Debug|Any CPU
		{68972E83-B487-4B3F-AF91-1C1F61A3F5F0}.Debug|x64.ActiveCfg = Debug|Any CPU
		{68972E83-B487-4B3F-AF91-1C1F61A3F5F0}.Debug|x64.Build.0 = Debug|Any CPU
		{68972E83-B487-4B3F-AF91-1C1F61A3F5F0}.Debug|x86.ActiveCfg = Debug|Any CPU
		{68972E83-B487-4B3F-AF91-1C1F61A3F5F0}.Debug|x86.Build.0 = Debug|Any CPU
		{68972E83-B487-4B3F-AF91-1C1F61A3F5F0}.Release|Any CPU.ActiveCfg = Release|Any CPU
		{68972E83-B487-4B3F-AF91-1C1F61A3F5F0}.Release|Any CPU.Build.0 = Release|Any CPU
		{68972E83-B487-4B3F-AF91-1C1F61A3F5F0}.Release|x64.ActiveCfg = Release|Any CPU
		{68972E83-B487-4B3F-AF91-1C1F61A3F5F0}.Release|x64.Build.0 = Release|Any CPU
		{68972E83-B487-4B3F-AF91-1C1F61A3F5F0}.Release|x86.ActiveCfg = Release|Any CPU
		{68972E83-B487-4B3F-AF91-1C1F61A3F5F0}.Release|x86.Build.0 = Release|Any CPU
		{9E0BB073-F71A-4F88-8CB0-B01F947B4A3B}.Debug|Any CPU.ActiveCfg = Debug|Any CPU
		{9E0BB073-F71A-4F88-8CB0-B01F947B4A3B}.Debug|Any CPU.Build.0 = Debug|Any CPU
		{9E0BB073-F71A-4F88-8CB0-B01F947B4A3B}.Debug|x64.ActiveCfg = Debug|Any CPU
		{9E0BB073-F71A-4F88-8CB0-B01F947B4A3B}.Debug|x64.Build.0 = Debug|Any CPU
		{9E0BB073-F71A-4F88-8CB0-B01F947B4A3B}.Debug|x86.ActiveCfg = Debug|Any CPU
		{9E0BB073-F71A-4F88-8CB0-B01F947B4A3B}.Debug|x86.Build.0 = Debug|Any CPU
		{9E0BB073-F71A-4F88-8CB0-B01F947B4A3B}.Release|Any CPU.ActiveCfg = Release|Any CPU
		{9E0BB073-F71A-4F88-8CB0-B01F947B4A3B}.Release|Any CPU.Build.0 = Release|Any CPU
		{9E0BB073-F71A-4F88-8CB0-B01F947B4A3B}.Release|x64.ActiveCfg = Release|Any CPU
		{9E0BB073-F71A-4F88-8CB0-B01F947B4A3B}.Release|x64.Build.0 = Release|Any CPU
		{9E0BB073-F71A-4F88-8CB0-B01F947B4A3B}.Release|x86.ActiveCfg = Release|Any CPU
		{9E0BB073-F71A-4F88-8CB0-B01F947B4A3B}.Release|x86.Build.0 = Release|Any CPU
	EndGlobalSection
	GlobalSection(SolutionProperties) = preSolution
		HideSolutionNode = FALSE
	EndGlobalSection
	GlobalSection(NestedProjects) = preSolution
		{5C45C8D5-7C88-4F4A-851E-0A7DB3B566BF} = {6A001E32-3110-4FFB-B17D-F01A137C120F}
		{1B924B10-EFC0-4D7B-80AC-B52D68B4A134} = {6A001E32-3110-4FFB-B17D-F01A137C120F}
		{8D3C099D-718C-460F-813A-960ECD6C0BDB} = {6A001E32-3110-4FFB-B17D-F01A137C120F}
		{68972E83-B487-4B3F-AF91-1C1F61A3F5F0} = {6A001E32-3110-4FFB-B17D-F01A137C120F}
	EndGlobalSection
	GlobalSection(ExtensibilityGlobals) = postSolution
		SolutionGuid = {3CA06CA3-4AFC-4C94-952C-F22ABA346584}
	EndGlobalSection
EndGlobal
